
Microsoft Visual Studio Solution File, Format Version 12.00
# Visual Studio Version 17
VisualStudioVersion = 17.1.32421.90
MinimumVisualStudioVersion = 10.0.40219.1
Project("{FAE04EC0-301F-11D3-BF4B-00C04F79EFBC}") = "Retrieve", "Retrieve\Retrieve.csproj", "{778ED637-4FC7-4306-8C36-AD606C7172D3}"
EndProject
Global
	GlobalSection(SolutionConfigurationPlatforms) = preSolution
		Debug|Any CPU = Debug|Any CPU
		Release|Any CPU = Release|Any CPU
	EndGlobalSection
	GlobalSection(ProjectConfigurationPlatforms) = postSolution
		{778ED637-4FC7-4306-8C36-AD606C7172D3}.Debug|Any CPU.ActiveCfg = Debug|Any CPU
		{778ED637-4FC7-4306-8C36-AD606C7172D3}.Debug|Any CPU.Build.0 = Debug|Any CPU
		{778ED637-4FC7-4306-8C36-AD606C7172D3}.Release|Any CPU.ActiveCfg = Release|Any CPU
		{778ED637-4FC7-4306-8C36-AD606C7172D3}.Release|Any CPU.Build.0 = Release|Any CPU
	EndGlobalSection
	GlobalSection(SolutionProperties) = preSolution
		HideSolutionNode = FALSE
	EndGlobalSection
	GlobalSection(ExtensibilityGlobals) = postSolution
		SolutionGuid = {BE2978B6-569F-4BED-8B2A-C24AF50B5D2C}
	EndGlobalSection
EndGlobal
